
Microsoft Visual Studio Solution File, Format Version 12.00
Project("{FAE04EC0-301F-11D3-BF4B-00C04F79EFBC}") = "Server", "Server\Server.csproj", "{CA3F0B46-30A0-4369-950C-3A9D9638D3E3}"
EndProject
Project("{FAE04EC0-301F-11D3-BF4B-00C04F79EFBC}") = "Simulation", "Simulation\Simulation.csproj", "{A7C03845-B5F4-47CF-BFCF-E4DB08509F87}"
EndProject
Project("{FAE04EC0-301F-11D3-BF4B-00C04F79EFBC}") = "Client", "Client\Client\Client.csproj", "{DEC0782D-D22F-4F80-A2EF-77C887BF1D19}"
EndProject
Project("{FAE04EC0-301F-11D3-BF4B-00C04F79EFBC}") = "Arts", "Arts\Arts\Arts.csproj", "{C845CE02-86B9-4C86-9DE7-0F68D3BDD328}"
EndProject
Project("{FAE04EC0-301F-11D3-BF4B-00C04F79EFBC}") = "VRConnection", "Client\VRConnection\VRConnection.csproj", "{5FB4BBFA-6FA5-4B96-A90C-CE4AEA5D1E11}"
EndProject
Project("{FAE04EC0-301F-11D3-BF4B-00C04F79EFBC}") = "ServerSimulation", "ServerSimulation\ServerSimulation.csproj", "{317CC236-C035-4A39-9AA1-BEE6E8C90611}"
EndProject
Project("{FAE04EC0-301F-11D3-BF4B-00C04F79EFBC}") = "SecurityManager", "SecurityManager\SecurityManager.csproj", "{E3A2EB85-A383-4C61-8D49-8891B3E5BEDA}"
EndProject
Project("{FAE04EC0-301F-11D3-BF4B-00C04F79EFBC}") = "UnitTests", "UnitTests\UnitTests.csproj", "{98BC4F0C-F70E-4C35-96BF-95E8375CEC2D}"
EndProject
Global
	GlobalSection(SolutionConfigurationPlatforms) = preSolution
		Debug|Any CPU = Debug|Any CPU
		Release|Any CPU = Release|Any CPU
	EndGlobalSection
	GlobalSection(ProjectConfigurationPlatforms) = postSolution
		{CA3F0B46-30A0-4369-950C-3A9D9638D3E3}.Debug|Any CPU.ActiveCfg = Debug|Any CPU
		{CA3F0B46-30A0-4369-950C-3A9D9638D3E3}.Debug|Any CPU.Build.0 = Debug|Any CPU
		{CA3F0B46-30A0-4369-950C-3A9D9638D3E3}.Release|Any CPU.ActiveCfg = Release|Any CPU
		{CA3F0B46-30A0-4369-950C-3A9D9638D3E3}.Release|Any CPU.Build.0 = Release|Any CPU
		{A7C03845-B5F4-47CF-BFCF-E4DB08509F87}.Debug|Any CPU.ActiveCfg = Debug|Any CPU
		{A7C03845-B5F4-47CF-BFCF-E4DB08509F87}.Debug|Any CPU.Build.0 = Debug|Any CPU
		{A7C03845-B5F4-47CF-BFCF-E4DB08509F87}.Release|Any CPU.ActiveCfg = Release|Any CPU
		{A7C03845-B5F4-47CF-BFCF-E4DB08509F87}.Release|Any CPU.Build.0 = Release|Any CPU
		{DEC0782D-D22F-4F80-A2EF-77C887BF1D19}.Debug|Any CPU.ActiveCfg = Debug|Any CPU
		{DEC0782D-D22F-4F80-A2EF-77C887BF1D19}.Debug|Any CPU.Build.0 = Debug|Any CPU
		{DEC0782D-D22F-4F80-A2EF-77C887BF1D19}.Release|Any CPU.ActiveCfg = Release|Any CPU
		{DEC0782D-D22F-4F80-A2EF-77C887BF1D19}.Release|Any CPU.Build.0 = Release|Any CPU
		{C845CE02-86B9-4C86-9DE7-0F68D3BDD328}.Debug|Any CPU.ActiveCfg = Debug|Any CPU
		{C845CE02-86B9-4C86-9DE7-0F68D3BDD328}.Debug|Any CPU.Build.0 = Debug|Any CPU
		{C845CE02-86B9-4C86-9DE7-0F68D3BDD328}.Release|Any CPU.ActiveCfg = Release|Any CPU
		{C845CE02-86B9-4C86-9DE7-0F68D3BDD328}.Release|Any CPU.Build.0 = Release|Any CPU
		{5FB4BBFA-6FA5-4B96-A90C-CE4AEA5D1E11}.Debug|Any CPU.ActiveCfg = Debug|Any CPU
		{5FB4BBFA-6FA5-4B96-A90C-CE4AEA5D1E11}.Debug|Any CPU.Build.0 = Debug|Any CPU
		{5FB4BBFA-6FA5-4B96-A90C-CE4AEA5D1E11}.Release|Any CPU.ActiveCfg = Release|Any CPU
		{5FB4BBFA-6FA5-4B96-A90C-CE4AEA5D1E11}.Release|Any CPU.Build.0 = Release|Any CPU
		{317CC236-C035-4A39-9AA1-BEE6E8C90611}.Debug|Any CPU.ActiveCfg = Debug|Any CPU
		{317CC236-C035-4A39-9AA1-BEE6E8C90611}.Debug|Any CPU.Build.0 = Debug|Any CPU
		{317CC236-C035-4A39-9AA1-BEE6E8C90611}.Release|Any CPU.ActiveCfg = Release|Any CPU
		{317CC236-C035-4A39-9AA1-BEE6E8C90611}.Release|Any CPU.Build.0 = Release|Any CPU
		{E3A2EB85-A383-4C61-8D49-8891B3E5BEDA}.Debug|Any CPU.ActiveCfg = Debug|Any CPU
		{E3A2EB85-A383-4C61-8D49-8891B3E5BEDA}.Debug|Any CPU.Build.0 = Debug|Any CPU
		{E3A2EB85-A383-4C61-8D49-8891B3E5BEDA}.Release|Any CPU.ActiveCfg = Release|Any CPU
		{E3A2EB85-A383-4C61-8D49-8891B3E5BEDA}.Release|Any CPU.Build.0 = Release|Any CPU
		{98BC4F0C-F70E-4C35-96BF-95E8375CEC2D}.Debug|Any CPU.ActiveCfg = Debug|Any CPU
		{98BC4F0C-F70E-4C35-96BF-95E8375CEC2D}.Debug|Any CPU.Build.0 = Debug|Any CPU
		{98BC4F0C-F70E-4C35-96BF-95E8375CEC2D}.Release|Any CPU.ActiveCfg = Release|Any CPU
		{98BC4F0C-F70E-4C35-96BF-95E8375CEC2D}.Release|Any CPU.Build.0 = Release|Any CPU
	EndGlobalSection
	GlobalSection(NestedProjects) = preSolution
	EndGlobalSection
EndGlobal
